
Microsoft Visual Studio Solution File, Format Version 12.00
# Visual Studio 2013
VisualStudioVersion = 12.0.31101.0
MinimumVisualStudioVersion = 10.0.40219.1
Project("{FAE04EC0-301F-11D3-BF4B-00C04F79EFBC}") = "Mail Checker", "Mail Checker\Mail Checker.csproj", "{4487D441-4FF7-4CE0-8EF0-78EF036C40F5}"
EndProject
Global
	GlobalSection(SolutionConfigurationPlatforms) = preSolution
		Debug|Any CPU = Debug|Any CPU
		Release|Any CPU = Release|Any CPU
	EndGlobalSection
	GlobalSection(ProjectConfigurationPlatforms) = postSolution
		{4487D441-4FF7-4CE0-8EF0-78EF036C40F5}.Debug|Any CPU.ActiveCfg = Debug|Any CPU
		{4487D441-4FF7-4CE0-8EF0-78EF036C40F5}.Debug|Any CPU.Build.0 = Debug|Any CPU
		{4487D441-4FF7-4CE0-8EF0-78EF036C40F5}.Release|Any CPU.ActiveCfg = Release|Any CPU
		{4487D441-4FF7-4CE0-8EF0-78EF036C40F5}.Release|Any CPU.Build.0 = Release|Any CPU
	EndGlobalSection
	GlobalSection(SolutionProperties) = preSolution
		HideSolutionNode = FALSE
	EndGlobalSection
	GlobalSection(ExtensibilityGlobals) = postSolution
		VisualSVNWorkingCopyRoot = .
	EndGlobalSection
EndGlobal
